
Microsoft Visual Studio Solution File, Format Version 12.00
# Visual Studio Version 17
VisualStudioVersion = 17.3.32825.248
MinimumVisualStudioVersion = 10.0.40219.1
Project("{FAE04EC0-301F-11D3-BF4B-00C04F79EFBC}") = "NewTalents", "NewTalents\NewTalents.csproj", "{D4EF6FD6-3893-4894-84EC-F1D3B1F82698}"
EndProject
Project("{FAE04EC0-301F-11D3-BF4B-00C04F79EFBC}") = "TestNewTalent", "TestNewTalent\TestNewTalent.csproj", "{3AD95466-5EAD-4E1B-9BAF-CD635826EB4B}"
EndProject
Global
	GlobalSection(SolutionConfigurationPlatforms) = preSolution
		Debug|Any CPU = Debug|Any CPU
		Release|Any CPU = Release|Any CPU
	EndGlobalSection
	GlobalSection(ProjectConfigurationPlatforms) = postSolution
		{D4EF6FD6-3893-4894-84EC-F1D3B1F82698}.Debug|Any CPU.ActiveCfg = Debug|Any CPU
		{D4EF6FD6-3893-4894-84EC-F1D3B1F82698}.Debug|Any CPU.Build.0 = Debug|Any CPU
		{D4EF6FD6-3893-4894-84EC-F1D3B1F82698}.Release|Any CPU.ActiveCfg = Release|Any CPU
		{D4EF6FD6-3893-4894-84EC-F1D3B1F82698}.Release|Any CPU.Build.0 = Release|Any CPU
		{3AD95466-5EAD-4E1B-9BAF-CD635826EB4B}.Debug|Any CPU.ActiveCfg = Debug|Any CPU
		{3AD95466-5EAD-4E1B-9BAF-CD635826EB4B}.Debug|Any CPU.Build.0 = Debug|Any CPU
		{3AD95466-5EAD-4E1B-9BAF-CD635826EB4B}.Release|Any CPU.ActiveCfg = Release|Any CPU
		{3AD95466-5EAD-4E1B-9BAF-CD635826EB4B}.Release|Any CPU.Build.0 = Release|Any CPU
	EndGlobalSection
	GlobalSection(SolutionProperties) = preSolution
		HideSolutionNode = FALSE
	EndGlobalSection
	GlobalSection(ExtensibilityGlobals) = postSolution
		SolutionGuid = {7609DADE-451B-498B-9926-65E69D0CA232}
	EndGlobalSection
EndGlobal
